
Microsoft Visual Studio Solution File, Format Version 12.00
# Visual Studio Version 16
VisualStudioVersion = 16.0.31515.178
MinimumVisualStudioVersion = 10.0.40219.1
Project("{FAE04EC0-301F-11D3-BF4B-00C04F79EFBC}") = "MoveZeroes", "MoveZeroes\MoveZeroes.csproj", "{CBE29DAE-7D32-4F41-8B06-40BA92E3FDE9}"
EndProject
Global
	GlobalSection(SolutionConfigurationPlatforms) = preSolution
		Debug|Any CPU = Debug|Any CPU
		Release|Any CPU = Release|Any CPU
	EndGlobalSection
	GlobalSection(ProjectConfigurationPlatforms) = postSolution
		{CBE29DAE-7D32-4F41-8B06-40BA92E3FDE9}.Debug|Any CPU.ActiveCfg = Debug|Any CPU
		{CBE29DAE-7D32-4F41-8B06-40BA92E3FDE9}.Debug|Any CPU.Build.0 = Debug|Any CPU
		{CBE29DAE-7D32-4F41-8B06-40BA92E3FDE9}.Release|Any CPU.ActiveCfg = Release|Any CPU
		{CBE29DAE-7D32-4F41-8B06-40BA92E3FDE9}.Release|Any CPU.Build.0 = Release|Any CPU
	EndGlobalSection
	GlobalSection(SolutionProperties) = preSolution
		HideSolutionNode = FALSE
	EndGlobalSection
	GlobalSection(ExtensibilityGlobals) = postSolution
		SolutionGuid = {F7A9C181-A816-406D-A620-A2A7B53F25EF}
	EndGlobalSection
EndGlobal
